// !$*UTF8*$!
{
	archiveVersion = 1;
	classes = {
	};
	objectVersion = 48;
	objects = {

/* Begin PBXBuildFile section */
		933E06771FEE912400037515 /* Flappy.cpp in Sources */ = {isa = PBXBuildFile; fileRef = 933E06761FEE912400037515 /* Flappy.cpp */; };
		934AF9701FE9882E00389908 /* main.cpp in Sources */ = {isa = PBXBuildFile; fileRef = 934AF96F1FE9882E00389908 /* main.cpp */; };
		9373C7551FEA761B007F5293 /* ThoLib.cpp in Sources */ = {isa = PBXBuildFile; fileRef = 9373C7541FEA761B007F5293 /* ThoLib.cpp */; };
		9373C75A1FEA7B60007F5293 /* arduino.cpp in Sources */ = {isa = PBXBuildFile; fileRef = 9373C7591FEA7B60007F5293 /* arduino.cpp */; };
		9373C75D1FEA7F30007F5293 /* Snake.cpp in Sources */ = {isa = PBXBuildFile; fileRef = 9373C75C1FEA7F30007F5293 /* Snake.cpp */; };
		9373C7621FEAF678007F5293 /* Tetris.cpp in Sources */ = {isa = PBXBuildFile; fileRef = 9373C7611FEAF678007F5293 /* Tetris.cpp */; };
		93F5D9812004A48000EC2587 /* Input.cpp in Sources */ = {isa = PBXBuildFile; fileRef = 93F5D97F2004A48000EC2587 /* Input.cpp */; };
/* End PBXBuildFile section */

/* Begin PBXCopyFilesBuildPhase section */
		934AF96A1FE9882E00389908 /* CopyFiles */ = {
			isa = PBXCopyFilesBuildPhase;
			buildActionMask = 2147483647;
			dstPath = /usr/share/man/man1/;
			dstSubfolderSpec = 0;
			files = (
			);
			runOnlyForDeploymentPostprocessing = 1;
		};
/* End PBXCopyFilesBuildPhase section */

/* Begin PBXFileReference section */
		933E06761FEE912400037515 /* Flappy.cpp */ = {isa = PBXFileReference; lastKnownFileType = sourcecode.cpp.cpp; path = Flappy.cpp; sourceTree = "<group>"; };
		934AF96C1FE9882E00389908 /* ThoLib */ = {isa = PBXFileReference; explicitFileType = "compiled.mach-o.executable"; includeInIndex = 0; path = ThoLib; sourceTree = BUILT_PRODUCTS_DIR; };
		934AF96F1FE9882E00389908 /* main.cpp */ = {isa = PBXFileReference; lastKnownFileType = sourcecode.cpp.cpp; path = main.cpp; sourceTree = "<group>"; };
		9373C7531FEA7609007F5293 /* ThoLib.h */ = {isa = PBXFileReference; lastKnownFileType = sourcecode.c.h; path = ThoLib.h; sourceTree = "<group>"; };
		9373C7541FEA761B007F5293 /* ThoLib.cpp */ = {isa = PBXFileReference; lastKnownFileType = sourcecode.cpp.cpp; path = ThoLib.cpp; sourceTree = "<group>"; };
		9373C7571FEA7623007F5293 /* arduino.h */ = {isa = PBXFileReference; fileEncoding = 4; lastKnownFileType = sourcecode.c.h; path = arduino.h; sourceTree = "<group>"; };
		9373C7591FEA7B60007F5293 /* arduino.cpp */ = {isa = PBXFileReference; fileEncoding = 4; lastKnownFileType = sourcecode.cpp.cpp; path = arduino.cpp; sourceTree = "<group>"; };
		9373C75C1FEA7F30007F5293 /* Snake.cpp */ = {isa = PBXFileReference; lastKnownFileType = sourcecode.cpp.cpp; path = Snake.cpp; sourceTree = "<group>"; };
		9373C7611FEAF678007F5293 /* Tetris.cpp */ = {isa = PBXFileReference; lastKnownFileType = sourcecode.cpp.cpp; path = Tetris.cpp; sourceTree = "<group>"; };
		9373C7641FEAF6E6007F5293 /* Game.h */ = {isa = PBXFileReference; lastKnownFileType = sourcecode.c.h; path = Game.h; sourceTree = "<group>"; };
		93F5D97F2004A48000EC2587 /* Input.cpp */ = {isa = PBXFileReference; lastKnownFileType = sourcecode.cpp.cpp; path = Input.cpp; sourceTree = "<group>"; };
		93F5D9802004A48000EC2587 /* Input.h */ = {isa = PBXFileReference; lastKnownFileType = sourcecode.c.h; path = Input.h; sourceTree = "<group>"; };
/* End PBXFileReference section */

/* Begin PBXFrameworksBuildPhase section */
		934AF9691FE9882E00389908 /* Frameworks */ = {
			isa = PBXFrameworksBuildPhase;
			buildActionMask = 2147483647;
			files = (
			);
			runOnlyForDeploymentPostprocessing = 0;
		};
/* End PBXFrameworksBuildPhase section */

/* Begin PBXGroup section */
		934AF9631FE9882E00389908 = {
			isa = PBXGroup;
			children = (
				934AF96E1FE9882E00389908 /* ThoLib */,
				934AF96D1FE9882E00389908 /* Products */,
			);
			sourceTree = "<group>";
		};
		934AF96D1FE9882E00389908 /* Products */ = {
			isa = PBXGroup;
			children = (
				934AF96C1FE9882E00389908 /* ThoLib */,
			);
			name = Products;
			sourceTree = "<group>";
		};
		934AF96E1FE9882E00389908 /* ThoLib */ = {
			isa = PBXGroup;
			children = (
				9373C75B1FEA7F20007F5293 /* games */,
				9373C7591FEA7B60007F5293 /* arduino.cpp */,
				9373C7571FEA7623007F5293 /* arduino.h */,
				9373C7531FEA7609007F5293 /* ThoLib.h */,
				9373C7541FEA761B007F5293 /* ThoLib.cpp */,
				93F5D97F2004A48000EC2587 /* Input.cpp */,
				93F5D9802004A48000EC2587 /* Input.h */,
				934AF96F1FE9882E00389908 /* main.cpp */,
			);
			path = ThoLib;
			sourceTree = "<group>";
		};
		9373C75B1FEA7F20007F5293 /* games */ = {
			isa = PBXGroup;
			children = (
				9373C75C1FEA7F30007F5293 /* Snake.cpp */,
				9373C7611FEAF678007F5293 /* Tetris.cpp */,
				933E06761FEE912400037515 /* Flappy.cpp */,
				9373C7641FEAF6E6007F5293 /* Game.h */,
			);
			path = games;
			sourceTree = "<group>";
		};
/* End PBXGroup section */

/* Begin PBXNativeTarget section */
		934AF96B1FE9882E00389908 /* ThoLib */ = {
			isa = PBXNativeTarget;
			buildConfigurationList = 934AF9731FE9882E00389908 /* Build configuration list for PBXNativeTarget "ThoLib" */;
			buildPhases = (
				934AF9681FE9882E00389908 /* Sources */,
				934AF9691FE9882E00389908 /* Frameworks */,
				934AF96A1FE9882E00389908 /* CopyFiles */,
			);
			buildRules = (
			);
			dependencies = (
			);
			name = ThoLib;
			productName = ThoLib;
			productReference = 934AF96C1FE9882E00389908 /* ThoLib */;
			productType = "com.apple.product-type.tool";
		};
/* End PBXNativeTarget section */

/* Begin PBXProject section */
		934AF9641FE9882E00389908 /* Project object */ = {
			isa = PBXProject;
			attributes = {
				LastUpgradeCheck = 0920;
				ORGANIZATIONNAME = "Aaron Hodel";
				TargetAttributes = {
					934AF96B1FE9882E00389908 = {
						CreatedOnToolsVersion = 9.2;
						ProvisioningStyle = Automatic;
					};
				};
			};
			buildConfigurationList = 934AF9671FE9882E00389908 /* Build configuration list for PBXProject "ThoLib" */;
			compatibilityVersion = "Xcode 8.0";
			developmentRegion = en;
			hasScannedForEncodings = 0;
			knownRegions = (
				en,
			);
			mainGroup = 934AF9631FE9882E00389908;
			productRefGroup = 934AF96D1FE9882E00389908 /* Products */;
			projectDirPath = "";
			projectRoot = "";
			targets = (
				934AF96B1FE9882E00389908 /* ThoLib */,
			);
		};
/* End PBXProject section */

/* Begin PBXSourcesBuildPhase section */
		934AF9681FE9882E00389908 /* Sources */ = {
			isa = PBXSourcesBuildPhase;
			buildActionMask = 2147483647;
			files = (
				9373C75D1FEA7F30007F5293 /* Snake.cpp in Sources */,
				9373C75A1FEA7B60007F5293 /* arduino.cpp in Sources */,
				9373C7621FEAF678007F5293 /* Tetris.cpp in Sources */,
				93F5D9812004A48000EC2587 /* Input.cpp in Sources */,
				934AF9701FE9882E00389908 /* main.cpp in Sources */,
				9373C7551FEA761B007F5293 /* ThoLib.cpp in Sources */,
				933E06771FEE912400037515 /* Flappy.cpp in Sources */,
			);
			runOnlyForDeploymentPostprocessing = 0;
		};
/* End PBXSourcesBuildPhase section */

/* Begin XCBuildConfiguration section */
		934AF9711FE9882E00389908 /* Debug */ = {
			isa = XCBuildConfiguration;
			buildSettings = {
				ALWAYS_SEARCH_USER_PATHS = NO;
				CLANG_ANALYZER_NONNULL = YES;
				CLANG_ANALYZER_NUMBER_OBJECT_CONVERSION = YES_AGGRESSIVE;
				CLANG_CXX_LANGUAGE_STANDARD = "gnu++14";
				CLANG_CXX_LIBRARY = "libc++";
				CLANG_ENABLE_MODULES = YES;
				CLANG_ENABLE_OBJC_ARC = YES;
				CLANG_WARN_BLOCK_CAPTURE_AUTORELEASING = YES;
				CLANG_WARN_BOOL_CONVERSION = YES;
				CLANG_WARN_COMMA = YES;
				CLANG_WARN_CONSTANT_CONVERSION = YES;
				CLANG_WARN_DIRECT_OBJC_ISA_USAGE = YES_ERROR;
				CLANG_WARN_DOCUMENTATION_COMMENTS = YES;
				CLANG_WARN_EMPTY_BODY = YES;
				CLANG_WARN_ENUM_CONVERSION = YES;
				CLANG_WARN_INFINITE_RECURSION = YES;
				CLANG_WARN_INT_CONVERSION = YES;
				CLANG_WARN_NON_LITERAL_NULL_CONVERSION = YES;
				CLANG_WARN_OBJC_LITERAL_CONVERSION = YES;
				CLANG_WARN_OBJC_ROOT_CLASS = YES_ERROR;
				CLANG_WARN_RANGE_LOOP_ANALYSIS = YES;
				CLANG_WARN_STRICT_PROTOTYPES = YES;
				CLANG_WARN_SUSPICIOUS_MOVE = YES;
				CLANG_WARN_UNGUARDED_AVAILABILITY = YES_AGGRESSIVE;
				CLANG_WARN_UNREACHABLE_CODE = YES;
				CLANG_WARN__DUPLICATE_METHOD_MATCH = YES;
				CODE_SIGN_IDENTITY = "Mac Developer";
				COPY_PHASE_STRIP = NO;
				DEBUG_INFORMATION_FORMAT = dwarf;
				ENABLE_STRICT_OBJC_MSGSEND = YES;
				ENABLE_TESTABILITY = YES;
				GCC_C_LANGUAGE_STANDARD = gnu11;
				GCC_DYNAMIC_NO_PIC = NO;
				GCC_NO_COMMON_BLOCKS = YES;
				GCC_OPTIMIZATION_LEVEL = 0;
				GCC_PREPROCESSOR_DEFINITIONS = (
					"DEBUG=1",
					"$(inherited)",
				);
				GCC_WARN_64_TO_32_BIT_CONVERSION = YES;
				GCC_WARN_ABOUT_RETURN_TYPE = YES_ERROR;
				GCC_WARN_UNDECLARED_SELECTOR = YES;
				GCC_WARN_UNINITIALIZED_AUTOS = YES_AGGRESSIVE;
				GCC_WARN_UNUSED_FUNCTION = YES;
				GCC_WARN_UNUSED_VARIABLE = YES;
				HEADER_SEARCH_PATHS = ./;
				MACOSX_DEPLOYMENT_TARGET = 10.13;
				MTL_ENABLE_DEBUG_INFO = YES;
				ONLY_ACTIVE_ARCH = YES;
				SDKROOT = macosx;
			};
			name = Debug;
		};
		934AF9721FE9882E00389908 /* Release */ = {
			isa = XCBuildConfiguration;
			buildSettings = {
				ALWAYS_SEARCH_USER_PATHS = NO;
				CLANG_ANALYZER_NONNULL = YES;
				CLANG_ANALYZER_NUMBER_OBJECT_CONVERSION = YES_AGGRESSIVE;
				CLANG_CXX_LANGUAGE_STANDARD = "gnu++14";
				CLANG_CXX_LIBRARY = "libc++";
				CLANG_ENABLE_MODULES = YES;
				CLANG_ENABLE_OBJC_ARC = YES;
				CLANG_WARN_BLOCK_CAPTURE_AUTORELEASING = YES;
				CLANG_WARN_BOOL_CONVERSION = YES;
				CLANG_WARN_COMMA = YES;
				CLANG_WARN_CONSTANT_CONVERSION = YES;
				CLANG_WARN_DIRECT_OBJC_ISA_USAGE = YES_ERROR;
				CLANG_WARN_DOCUMENTATION_COMMENTS = YES;
				CLANG_WARN_EMPTY_BODY = YES;
				CLANG_WARN_ENUM_CONVERSION = YES;
				CLANG_WARN_INFINITE_RECURSION = YES;
				CLANG_WARN_INT_CONVERSION = YES;
				CLANG_WARN_NON_LITERAL_NULL_CONVERSION = YES;
				CLANG_WARN_OBJC_LITERAL_CONVERSION = YES;
				CLANG_WARN_OBJC_ROOT_CLASS = YES_ERROR;
				CLANG_WARN_RANGE_LOOP_ANALYSIS = YES;
				CLANG_WARN_STRICT_PROTOTYPES = YES;
				CLANG_WARN_SUSPICIOUS_MOVE = YES;
				CLANG_WARN_UNGUARDED_AVAILABILITY = YES_AGGRESSIVE;
				CLANG_WARN_UNREACHABLE_CODE = YES;
				CLANG_WARN__DUPLICATE_METHOD_MATCH = YES;
				CODE_SIGN_IDENTITY = "Mac Developer";
				COPY_PHASE_STRIP = NO;
				DEBUG_INFORMATION_FORMAT = "dwarf-with-dsym";
				ENABLE_NS_ASSERTIONS = NO;
				ENABLE_STRICT_OBJC_MSGSEND = YES;
				GCC_C_LANGUAGE_STANDARD = gnu11;
				GCC_NO_COMMON_BLOCKS = YES;
				GCC_WARN_64_TO_32_BIT_CONVERSION = YES;
				GCC_WARN_ABOUT_RETURN_TYPE = YES_ERROR;
				GCC_WARN_UNDECLARED_SELECTOR = YES;
				GCC_WARN_UNINITIALIZED_AUTOS = YES_AGGRESSIVE;
				GCC_WARN_UNUSED_FUNCTION = YES;
				GCC_WARN_UNUSED_VARIABLE = YES;
				HEADER_SEARCH_PATHS = ./;
				MACOSX_DEPLOYMENT_TARGET = 10.13;
				MTL_ENABLE_DEBUG_INFO = NO;
				SDKROOT = macosx;
			};
			name = Release;
		};
		934AF9741FE9882E00389908 /* Debug */ = {
			isa = XCBuildConfiguration;
			buildSettings = {
				CODE_SIGN_STYLE = Automatic;
				DEVELOPMENT_TEAM = 67JAMSE32M;
				PRODUCT_NAME = "$(TARGET_NAME)";
			};
			name = Debug;
		};
		934AF9751FE9882E00389908 /* Release */ = {
			isa = XCBuildConfiguration;
			buildSettings = {
				CODE_SIGN_STYLE = Automatic;
				DEVELOPMENT_TEAM = 67JAMSE32M;
				PRODUCT_NAME = "$(TARGET_NAME)";
			};
			name = Release;
		};
/* End XCBuildConfiguration section */

/* Begin XCConfigurationList section */
		934AF9671FE9882E00389908 /* Build configuration list for PBXProject "ThoLib" */ = {
			isa = XCConfigurationList;
			buildConfigurations = (
				934AF9711FE9882E00389908 /* Debug */,
				934AF9721FE9882E00389908 /* Release */,
			);
			defaultConfigurationIsVisible = 0;
			defaultConfigurationName = Release;
		};
		934AF9731FE9882E00389908 /* Build configuration list for PBXNativeTarget "ThoLib" */ = {
			isa = XCConfigurationList;
			buildConfigurations = (
				934AF9741FE9882E00389908 /* Debug */,
				934AF9751FE9882E00389908 /* Release */,
			);
			defaultConfigurationIsVisible = 0;
			defaultConfigurationName = Release;
		};
/* End XCConfigurationList section */
	};
	rootObject = 934AF9641FE9882E00389908 /* Project object */;
}
